
Microsoft Visual Studio Solution File, Format Version 12.00
# Visual Studio Version 16
VisualStudioVersion = 16.0.30309.148
MinimumVisualStudioVersion = 10.0.40219.1
Project("{FAE04EC0-301F-11D3-BF4B-00C04F79EFBC}") = "Windows Form (Part 3B)", "Windows Form (Part 3B)\Windows Form (Part 3B).csproj", "{BA4284EB-5B27-44D4-8470-97B4308845F0}"
EndProject
Global
	GlobalSection(SolutionConfigurationPlatforms) = preSolution
		Debug|Any CPU = Debug|Any CPU
		Release|Any CPU = Release|Any CPU
	EndGlobalSection
	GlobalSection(ProjectConfigurationPlatforms) = postSolution
		{BA4284EB-5B27-44D4-8470-97B4308845F0}.Debug|Any CPU.ActiveCfg = Debug|Any CPU
		{BA4284EB-5B27-44D4-8470-97B4308845F0}.Debug|Any CPU.Build.0 = Debug|Any CPU
		{BA4284EB-5B27-44D4-8470-97B4308845F0}.Release|Any CPU.ActiveCfg = Release|Any CPU
		{BA4284EB-5B27-44D4-8470-97B4308845F0}.Release|Any CPU.Build.0 = Release|Any CPU
	EndGlobalSection
	GlobalSection(SolutionProperties) = preSolution
		HideSolutionNode = FALSE
	EndGlobalSection
	GlobalSection(ExtensibilityGlobals) = postSolution
		SolutionGuid = {90BDB0D4-7C39-4991-B529-8D42FF38B7E8}
	EndGlobalSection
EndGlobal
